
Microsoft Visual Studio Solution File, Format Version 12.00
# Visual Studio 15
VisualStudioVersion = 15.0.28010.2026
MinimumVisualStudioVersion = 10.0.40219.1
Project("{FAE04EC0-301F-11D3-BF4B-00C04F79EFBC}") = "UrlShortener", "UrlShortener\UrlShortener.csproj", "{FEED3376-C4B1-4F7A-B6E1-F4B6A4B6146B}"
EndProject
Global
	GlobalSection(SolutionConfigurationPlatforms) = preSolution
		Debug|Any CPU = Debug|Any CPU
		Release|Any CPU = Release|Any CPU
	EndGlobalSection
	GlobalSection(ProjectConfigurationPlatforms) = postSolution
		{FEED3376-C4B1-4F7A-B6E1-F4B6A4B6146B}.Debug|Any CPU.ActiveCfg = Debug|Any CPU
		{FEED3376-C4B1-4F7A-B6E1-F4B6A4B6146B}.Debug|Any CPU.Build.0 = Debug|Any CPU
		{FEED3376-C4B1-4F7A-B6E1-F4B6A4B6146B}.Release|Any CPU.ActiveCfg = Release|Any CPU
		{FEED3376-C4B1-4F7A-B6E1-F4B6A4B6146B}.Release|Any CPU.Build.0 = Release|Any CPU
	EndGlobalSection
	GlobalSection(SolutionProperties) = preSolution
		HideSolutionNode = FALSE
	EndGlobalSection
	GlobalSection(ExtensibilityGlobals) = postSolution
		SolutionGuid = {19550DF7-139A-4ECC-8CB4-8C675D539D31}
	EndGlobalSection
EndGlobal
